// !$*UTF8*$!
{
	archiveVersion = 1;
	classes = {
	};
	objectVersion = 55;
	objects = {

/* Begin PBXBuildFile section */
		75CD8A4127B9018A00DE8F13 /* TriviaGameApp.swift in Sources */ = {isa = PBXBuildFile; fileRef = 75CD8A4027B9018A00DE8F13 /* TriviaGameApp.swift */; };
		75CD8A4327B9018A00DE8F13 /* ContentView.swift in Sources */ = {isa = PBXBuildFile; fileRef = 75CD8A4227B9018A00DE8F13 /* ContentView.swift */; };
		75CD8A4527B9018C00DE8F13 /* Assets.xcassets in Resources */ = {isa = PBXBuildFile; fileRef = 75CD8A4427B9018C00DE8F13 /* Assets.xcassets */; };
		75CD8A4827B9018C00DE8F13 /* Preview Assets.xcassets in Resources */ = {isa = PBXBuildFile; fileRef = 75CD8A4727B9018C00DE8F13 /* Preview Assets.xcassets */; };
		75CD8A5227B9035C00DE8F13 /* PrimaryButton.swift in Sources */ = {isa = PBXBuildFile; fileRef = 75CD8A5127B9035C00DE8F13 /* PrimaryButton.swift */; };
		75CD8A5527B9058C00DE8F13 /* Extensions.swift in Sources */ = {isa = PBXBuildFile; fileRef = 75CD8A5427B9058C00DE8F13 /* Extensions.swift */; };
		75CD8A5727B9060000DE8F13 /* QuestionView.swift in Sources */ = {isa = PBXBuildFile; fileRef = 75CD8A5627B9060000DE8F13 /* QuestionView.swift */; };
		75CD8A5927B906B600DE8F13 /* ProgressBar.swift in Sources */ = {isa = PBXBuildFile; fileRef = 75CD8A5827B906B600DE8F13 /* ProgressBar.swift */; };
		75CD8A5C27B908A900DE8F13 /* Answer.swift in Sources */ = {isa = PBXBuildFile; fileRef = 75CD8A5B27B908A900DE8F13 /* Answer.swift */; };
		75CD8A5E27B908E600DE8F13 /* AnswerRow.swift in Sources */ = {isa = PBXBuildFile; fileRef = 75CD8A5D27B908E600DE8F13 /* AnswerRow.swift */; };
		75CD8A6027B90BF700DE8F13 /* TriviaView.swift in Sources */ = {isa = PBXBuildFile; fileRef = 75CD8A5F27B90BF700DE8F13 /* TriviaView.swift */; };
		75CD8A6227B90C8300DE8F13 /* Trivia.swift in Sources */ = {isa = PBXBuildFile; fileRef = 75CD8A6127B90C8300DE8F13 /* Trivia.swift */; };
		75CD8A6427B90EAA00DE8F13 /* TriviaManager.swift in Sources */ = {isa = PBXBuildFile; fileRef = 75CD8A6327B90EAA00DE8F13 /* TriviaManager.swift */; };
/* End PBXBuildFile section */

/* Begin PBXFileReference section */
		75CD8A3D27B9018A00DE8F13 /* TriviaGame.app */ = {isa = PBXFileReference; explicitFileType = wrapper.application; includeInIndex = 0; path = TriviaGame.app; sourceTree = BUILT_PRODUCTS_DIR; };
		75CD8A4027B9018A00DE8F13 /* TriviaGameApp.swift */ = {isa = PBXFileReference; lastKnownFileType = sourcecode.swift; path = TriviaGameApp.swift; sourceTree = "<group>"; };
		75CD8A4227B9018A00DE8F13 /* ContentView.swift */ = {isa = PBXFileReference; lastKnownFileType = sourcecode.swift; path = ContentView.swift; sourceTree = "<group>"; };
		75CD8A4427B9018C00DE8F13 /* Assets.xcassets */ = {isa = PBXFileReference; lastKnownFileType = folder.assetcatalog; path = Assets.xcassets; sourceTree = "<group>"; };
		75CD8A4727B9018C00DE8F13 /* Preview Assets.xcassets */ = {isa = PBXFileReference; lastKnownFileType = folder.assetcatalog; path = "Preview Assets.xcassets"; sourceTree = "<group>"; };
		75CD8A5127B9035C00DE8F13 /* PrimaryButton.swift */ = {isa = PBXFileReference; lastKnownFileType = sourcecode.swift; path = PrimaryButton.swift; sourceTree = "<group>"; };
		75CD8A5427B9058C00DE8F13 /* Extensions.swift */ = {isa = PBXFileReference; lastKnownFileType = sourcecode.swift; path = Extensions.swift; sourceTree = "<group>"; };
		75CD8A5627B9060000DE8F13 /* QuestionView.swift */ = {isa = PBXFileReference; lastKnownFileType = sourcecode.swift; path = QuestionView.swift; sourceTree = "<group>"; };
		75CD8A5827B906B600DE8F13 /* ProgressBar.swift */ = {isa = PBXFileReference; lastKnownFileType = sourcecode.swift; path = ProgressBar.swift; sourceTree = "<group>"; };
		75CD8A5B27B908A900DE8F13 /* Answer.swift */ = {isa = PBXFileReference; lastKnownFileType = sourcecode.swift; path = Answer.swift; sourceTree = "<group>"; };
		75CD8A5D27B908E600DE8F13 /* AnswerRow.swift */ = {isa = PBXFileReference; lastKnownFileType = sourcecode.swift; path = AnswerRow.swift; sourceTree = "<group>"; };
		75CD8A5F27B90BF700DE8F13 /* TriviaView.swift */ = {isa = PBXFileReference; lastKnownFileType = sourcecode.swift; path = TriviaView.swift; sourceTree = "<group>"; };
		75CD8A6127B90C8300DE8F13 /* Trivia.swift */ = {isa = PBXFileReference; lastKnownFileType = sourcecode.swift; path = Trivia.swift; sourceTree = "<group>"; };
		75CD8A6327B90EAA00DE8F13 /* TriviaManager.swift */ = {isa = PBXFileReference; lastKnownFileType = sourcecode.swift; path = TriviaManager.swift; sourceTree = "<group>"; };
/* End PBXFileReference section */

/* Begin PBXFrameworksBuildPhase section */
		75CD8A3A27B9018A00DE8F13 /* Frameworks */ = {
			isa = PBXFrameworksBuildPhase;
			buildActionMask = 2147483647;
			files = (
			);
			runOnlyForDeploymentPostprocessing = 0;
		};
/* End PBXFrameworksBuildPhase section */

/* Begin PBXGroup section */
		75CD8A3427B9018A00DE8F13 = {
			isa = PBXGroup;
			children = (
				75CD8A3F27B9018A00DE8F13 /* TriviaGame */,
				75CD8A3E27B9018A00DE8F13 /* Products */,
			);
			sourceTree = "<group>";
		};
		75CD8A3E27B9018A00DE8F13 /* Products */ = {
			isa = PBXGroup;
			children = (
				75CD8A3D27B9018A00DE8F13 /* TriviaGame.app */,
			);
			name = Products;
			sourceTree = "<group>";
		};
		75CD8A3F27B9018A00DE8F13 /* TriviaGame */ = {
			isa = PBXGroup;
			children = (
				75CD8A5A27B9089F00DE8F13 /* Models */,
				75CD8A5327B9040500DE8F13 /* Views */,
				75CD8A4E27B9031E00DE8F13 /* Components */,
				75CD8A4027B9018A00DE8F13 /* TriviaGameApp.swift */,
				75CD8A4427B9018C00DE8F13 /* Assets.xcassets */,
				75CD8A4627B9018C00DE8F13 /* Preview Content */,
				75CD8A5427B9058C00DE8F13 /* Extensions.swift */,
				75CD8A6327B90EAA00DE8F13 /* TriviaManager.swift */,
			);
			path = TriviaGame;
			sourceTree = "<group>";
		};
		75CD8A4627B9018C00DE8F13 /* Preview Content */ = {
			isa = PBXGroup;
			children = (
				75CD8A4727B9018C00DE8F13 /* Preview Assets.xcassets */,
			);
			path = "Preview Content";
			sourceTree = "<group>";
		};
		75CD8A4E27B9031E00DE8F13 /* Components */ = {
			isa = PBXGroup;
			children = (
				75CD8A5127B9035C00DE8F13 /* PrimaryButton.swift */,
				75CD8A5827B906B600DE8F13 /* ProgressBar.swift */,
				75CD8A5D27B908E600DE8F13 /* AnswerRow.swift */,
			);
			path = Components;
			sourceTree = "<group>";
		};
		75CD8A5327B9040500DE8F13 /* Views */ = {
			isa = PBXGroup;
			children = (
				75CD8A4227B9018A00DE8F13 /* ContentView.swift */,
				75CD8A5627B9060000DE8F13 /* QuestionView.swift */,
				75CD8A5F27B90BF700DE8F13 /* TriviaView.swift */,
			);
			path = Views;
			sourceTree = "<group>";
		};
		75CD8A5A27B9089F00DE8F13 /* Models */ = {
			isa = PBXGroup;
			children = (
				75CD8A5B27B908A900DE8F13 /* Answer.swift */,
				75CD8A6127B90C8300DE8F13 /* Trivia.swift */,
			);
			path = Models;
			sourceTree = "<group>";
		};
/* End PBXGroup section */

/* Begin PBXNativeTarget section */
		75CD8A3C27B9018A00DE8F13 /* TriviaGame */ = {
			isa = PBXNativeTarget;
			buildConfigurationList = 75CD8A4B27B9018C00DE8F13 /* Build configuration list for PBXNativeTarget "TriviaGame" */;
			buildPhases = (
				75CD8A3927B9018A00DE8F13 /* Sources */,
				75CD8A3A27B9018A00DE8F13 /* Frameworks */,
				75CD8A3B27B9018A00DE8F13 /* Resources */,
			);
			buildRules = (
			);
			dependencies = (
			);
			name = TriviaGame;
			productName = TriviaGame;
			productReference = 75CD8A3D27B9018A00DE8F13 /* TriviaGame.app */;
			productType = "com.apple.product-type.application";
		};
/* End PBXNativeTarget section */

/* Begin PBXProject section */
		75CD8A3527B9018A00DE8F13 /* Project object */ = {
			isa = PBXProject;
			attributes = {
				BuildIndependentTargetsInParallel = 1;
				LastSwiftUpdateCheck = 1320;
				LastUpgradeCheck = 1320;
				TargetAttributes = {
					75CD8A3C27B9018A00DE8F13 = {
						CreatedOnToolsVersion = 13.2.1;
					};
				};
			};
			buildConfigurationList = 75CD8A3827B9018A00DE8F13 /* Build configuration list for PBXProject "TriviaGame" */;
			compatibilityVersion = "Xcode 13.0";
			developmentRegion = en;
			hasScannedForEncodings = 0;
			knownRegions = (
				en,
				Base,
			);
			mainGroup = 75CD8A3427B9018A00DE8F13;
			productRefGroup = 75CD8A3E27B9018A00DE8F13 /* Products */;
			projectDirPath = "";
			projectRoot = "";
			targets = (
				75CD8A3C27B9018A00DE8F13 /* TriviaGame */,
			);
		};
/* End PBXProject section */

/* Begin PBXResourcesBuildPhase section */
		75CD8A3B27B9018A00DE8F13 /* Resources */ = {
			isa = PBXResourcesBuildPhase;
			buildActionMask = 2147483647;
			files = (
				75CD8A4827B9018C00DE8F13 /* Preview Assets.xcassets in Resources */,
				75CD8A4527B9018C00DE8F13 /* Assets.xcassets in Resources */,
			);
			runOnlyForDeploymentPostprocessing = 0;
		};
/* End PBXResourcesBuildPhase section */

/* Begin PBXSourcesBuildPhase section */
		75CD8A3927B9018A00DE8F13 /* Sources */ = {
			isa = PBXSourcesBuildPhase;
			buildActionMask = 2147483647;
			files = (
				75CD8A5727B9060000DE8F13 /* QuestionView.swift in Sources */,
				75CD8A6027B90BF700DE8F13 /* TriviaView.swift in Sources */,
				75CD8A6227B90C8300DE8F13 /* Trivia.swift in Sources */,
				75CD8A5227B9035C00DE8F13 /* PrimaryButton.swift in Sources */,
				75CD8A6427B90EAA00DE8F13 /* TriviaManager.swift in Sources */,
				75CD8A5E27B908E600DE8F13 /* AnswerRow.swift in Sources */,
				75CD8A4327B9018A00DE8F13 /* ContentView.swift in Sources */,
				75CD8A5C27B908A900DE8F13 /* Answer.swift in Sources */,
				75CD8A4127B9018A00DE8F13 /* TriviaGameApp.swift in Sources */,
				75CD8A5927B906B600DE8F13 /* ProgressBar.swift in Sources */,
				75CD8A5527B9058C00DE8F13 /* Extensions.swift in Sources */,
			);
			runOnlyForDeploymentPostprocessing = 0;
		};
/* End PBXSourcesBuildPhase section */

/* Begin XCBuildConfiguration section */
		75CD8A4927B9018C00DE8F13 /* Debug */ = {
			isa = XCBuildConfiguration;
			buildSettings = {
				ALWAYS_SEARCH_USER_PATHS = NO;
				CLANG_ANALYZER_NONNULL = YES;
				CLANG_ANALYZER_NUMBER_OBJECT_CONVERSION = YES_AGGRESSIVE;
				CLANG_CXX_LANGUAGE_STANDARD = "gnu++17";
				CLANG_CXX_LIBRARY = "libc++";
				CLANG_ENABLE_MODULES = YES;
				CLANG_ENABLE_OBJC_ARC = YES;
				CLANG_ENABLE_OBJC_WEAK = YES;
				CLANG_WARN_BLOCK_CAPTURE_AUTORELEASING = YES;
				CLANG_WARN_BOOL_CONVERSION = YES;
				CLANG_WARN_COMMA = YES;
				CLANG_WARN_CONSTANT_CONVERSION = YES;
				CLANG_WARN_DEPRECATED_OBJC_IMPLEMENTATIONS = YES;
				CLANG_WARN_DIRECT_OBJC_ISA_USAGE = YES_ERROR;
				CLANG_WARN_DOCUMENTATION_COMMENTS = YES;
				CLANG_WARN_EMPTY_BODY = YES;
				CLANG_WARN_ENUM_CONVERSION = YES;
				CLANG_WARN_INFINITE_RECURSION = YES;
				CLANG_WARN_INT_CONVERSION = YES;
				CLANG_WARN_NON_LITERAL_NULL_CONVERSION = YES;
				CLANG_WARN_OBJC_IMPLICIT_RETAIN_SELF = YES;
				CLANG_WARN_OBJC_LITERAL_CONVERSION = YES;
				CLANG_WARN_OBJC_ROOT_CLASS = YES_ERROR;
				CLANG_WARN_QUOTED_INCLUDE_IN_FRAMEWORK_HEADER = YES;
				CLANG_WARN_RANGE_LOOP_ANALYSIS = YES;
				CLANG_WARN_STRICT_PROTOTYPES = YES;
				CLANG_WARN_SUSPICIOUS_MOVE = YES;
				CLANG_WARN_UNGUARDED_AVAILABILITY = YES_AGGRESSIVE;
				CLANG_WARN_UNREACHABLE_CODE = YES;
				CLANG_WARN__DUPLICATE_METHOD_MATCH = YES;
				COPY_PHASE_STRIP = NO;
				DEBUG_INFORMATION_FORMAT = dwarf;
				ENABLE_STRICT_OBJC_MSGSEND = YES;
				ENABLE_TESTABILITY = YES;
				GCC_C_LANGUAGE_STANDARD = gnu11;
				GCC_DYNAMIC_NO_PIC = NO;
				GCC_NO_COMMON_BLOCKS = YES;
				GCC_OPTIMIZATION_LEVEL = 0;
				GCC_PREPROCESSOR_DEFINITIONS = (
					"DEBUG=1",
					"$(inherited)",
				);
				GCC_WARN_64_TO_32_BIT_CONVERSION = YES;
				GCC_WARN_ABOUT_RETURN_TYPE = YES_ERROR;
				GCC_WARN_UNDECLARED_SELECTOR = YES;
				GCC_WARN_UNINITIALIZED_AUTOS = YES_AGGRESSIVE;
				GCC_WARN_UNUSED_FUNCTION = YES;
				GCC_WARN_UNUSED_VARIABLE = YES;
				IPHONEOS_DEPLOYMENT_TARGET = 15.2;
				MTL_ENABLE_DEBUG_INFO = INCLUDE_SOURCE;
				MTL_FAST_MATH = YES;
				ONLY_ACTIVE_ARCH = YES;
				SDKROOT = iphoneos;
				SWIFT_ACTIVE_COMPILATION_CONDITIONS = DEBUG;
				SWIFT_OPTIMIZATION_LEVEL = "-Onone";
			};
			name = Debug;
		};
		75CD8A4A27B9018C00DE8F13 /* Release */ = {
			isa = XCBuildConfiguration;
			buildSettings = {
				ALWAYS_SEARCH_USER_PATHS = NO;
				CLANG_ANALYZER_NONNULL = YES;
				CLANG_ANALYZER_NUMBER_OBJECT_CONVERSION = YES_AGGRESSIVE;
				CLANG_CXX_LANGUAGE_STANDARD = "gnu++17";
				CLANG_CXX_LIBRARY = "libc++";
				CLANG_ENABLE_MODULES = YES;
				CLANG_ENABLE_OBJC_ARC = YES;
				CLANG_ENABLE_OBJC_WEAK = YES;
				CLANG_WARN_BLOCK_CAPTURE_AUTORELEASING = YES;
				CLANG_WARN_BOOL_CONVERSION = YES;
				CLANG_WARN_COMMA = YES;
				CLANG_WARN_CONSTANT_CONVERSION = YES;
				CLANG_WARN_DEPRECATED_OBJC_IMPLEMENTATIONS = YES;
				CLANG_WARN_DIRECT_OBJC_ISA_USAGE = YES_ERROR;
				CLANG_WARN_DOCUMENTATION_COMMENTS = YES;
				CLANG_WARN_EMPTY_BODY = YES;
				CLANG_WARN_ENUM_CONVERSION = YES;
				CLANG_WARN_INFINITE_RECURSION = YES;
				CLANG_WARN_INT_CONVERSION = YES;
				CLANG_WARN_NON_LITERAL_NULL_CONVERSION = YES;
				CLANG_WARN_OBJC_IMPLICIT_RETAIN_SELF = YES;
				CLANG_WARN_OBJC_LITERAL_CONVERSION = YES;
				CLANG_WARN_OBJC_ROOT_CLASS = YES_ERROR;
				CLANG_WARN_QUOTED_INCLUDE_IN_FRAMEWORK_HEADER = YES;
				CLANG_WARN_RANGE_LOOP_ANALYSIS = YES;
				CLANG_WARN_STRICT_PROTOTYPES = YES;
				CLANG_WARN_SUSPICIOUS_MOVE = YES;
				CLANG_WARN_UNGUARDED_AVAILABILITY = YES_AGGRESSIVE;
				CLANG_WARN_UNREACHABLE_CODE = YES;
				CLANG_WARN__DUPLICATE_METHOD_MATCH = YES;
				COPY_PHASE_STRIP = NO;
				DEBUG_INFORMATION_FORMAT = "dwarf-with-dsym";
				ENABLE_NS_ASSERTIONS = NO;
				ENABLE_STRICT_OBJC_MSGSEND = YES;
				GCC_C_LANGUAGE_STANDARD = gnu11;
				GCC_NO_COMMON_BLOCKS = YES;
				GCC_WARN_64_TO_32_BIT_CONVERSION = YES;
				GCC_WARN_ABOUT_RETURN_TYPE = YES_ERROR;
				GCC_WARN_UNDECLARED_SELECTOR = YES;
				GCC_WARN_UNINITIALIZED_AUTOS = YES_AGGRESSIVE;
				GCC_WARN_UNUSED_FUNCTION = YES;
				GCC_WARN_UNUSED_VARIABLE = YES;
				IPHONEOS_DEPLOYMENT_TARGET = 15.2;
				MTL_ENABLE_DEBUG_INFO = NO;
				MTL_FAST_MATH = YES;
				SDKROOT = iphoneos;
				SWIFT_COMPILATION_MODE = wholemodule;
				SWIFT_OPTIMIZATION_LEVEL = "-O";
				VALIDATE_PRODUCT = YES;
			};
			name = Release;
		};
		75CD8A4C27B9018C00DE8F13 /* Debug */ = {
			isa = XCBuildConfiguration;
			buildSettings = {
				ASSETCATALOG_COMPILER_APPICON_NAME = AppIcon;
				ASSETCATALOG_COMPILER_GLOBAL_ACCENT_COLOR_NAME = AccentColor;
				CODE_SIGN_STYLE = Automatic;
				CURRENT_PROJECT_VERSION = 1;
				DEVELOPMENT_ASSET_PATHS = "\"TriviaGame/Preview Content\"";
				ENABLE_PREVIEWS = YES;
				GENERATE_INFOPLIST_FILE = YES;
				INFOPLIST_KEY_UIApplicationSceneManifest_Generation = YES;
				INFOPLIST_KEY_UIApplicationSupportsIndirectInputEvents = YES;
				INFOPLIST_KEY_UILaunchScreen_Generation = YES;
				INFOPLIST_KEY_UISupportedInterfaceOrientations_iPad = "UIInterfaceOrientationPortrait UIInterfaceOrientationPortraitUpsideDown UIInterfaceOrientationLandscapeLeft UIInterfaceOrientationLandscapeRight";
				INFOPLIST_KEY_UISupportedInterfaceOrientations_iPhone = "UIInterfaceOrientationPortrait UIInterfaceOrientationLandscapeLeft UIInterfaceOrientationLandscapeRight";
				LD_RUNPATH_SEARCH_PATHS = (
					"$(inherited)",
					"@executable_path/Frameworks",
				);
				MARKETING_VERSION = 1.0;
				PRODUCT_BUNDLE_IDENTIFIER = com.randallyeo.TriviaGame;
				PRODUCT_NAME = "$(TARGET_NAME)";
				SWIFT_EMIT_LOC_STRINGS = YES;
				SWIFT_VERSION = 5.0;
				TARGETED_DEVICE_FAMILY = "1,2";
			};
			name = Debug;
		};
		75CD8A4D27B9018C00DE8F13 /* Release */ = {
			isa = XCBuildConfiguration;
			buildSettings = {
				ASSETCATALOG_COMPILER_APPICON_NAME = AppIcon;
				ASSETCATALOG_COMPILER_GLOBAL_ACCENT_COLOR_NAME = AccentColor;
				CODE_SIGN_STYLE = Automatic;
				CURRENT_PROJECT_VERSION = 1;
				DEVELOPMENT_ASSET_PATHS = "\"TriviaGame/Preview Content\"";
				ENABLE_PREVIEWS = YES;
				GENERATE_INFOPLIST_FILE = YES;
				INFOPLIST_KEY_UIApplicationSceneManifest_Generation = YES;
				INFOPLIST_KEY_UIApplicationSupportsIndirectInputEvents = YES;
				INFOPLIST_KEY_UILaunchScreen_Generation = YES;
				INFOPLIST_KEY_UISupportedInterfaceOrientations_iPad = "UIInterfaceOrientationPortrait UIInterfaceOrientationPortraitUpsideDown UIInterfaceOrientationLandscapeLeft UIInterfaceOrientationLandscapeRight";
				INFOPLIST_KEY_UISupportedInterfaceOrientations_iPhone = "UIInterfaceOrientationPortrait UIInterfaceOrientationLandscapeLeft UIInterfaceOrientationLandscapeRight";
				LD_RUNPATH_SEARCH_PATHS = (
					"$(inherited)",
					"@executable_path/Frameworks",
				);
				MARKETING_VERSION = 1.0;
				PRODUCT_BUNDLE_IDENTIFIER = com.randallyeo.TriviaGame;
				PRODUCT_NAME = "$(TARGET_NAME)";
				SWIFT_EMIT_LOC_STRINGS = YES;
				SWIFT_VERSION = 5.0;
				TARGETED_DEVICE_FAMILY = "1,2";
			};
			name = Release;
		};
/* End XCBuildConfiguration section */

/* Begin XCConfigurationList section */
		75CD8A3827B9018A00DE8F13 /* Build configuration list for PBXProject "TriviaGame" */ = {
			isa = XCConfigurationList;
			buildConfigurations = (
				75CD8A4927B9018C00DE8F13 /* Debug */,
				75CD8A4A27B9018C00DE8F13 /* Release */,
			);
			defaultConfigurationIsVisible = 0;
			defaultConfigurationName = Release;
		};
		75CD8A4B27B9018C00DE8F13 /* Build configuration list for PBXNativeTarget "TriviaGame" */ = {
			isa = XCConfigurationList;
			buildConfigurations = (
				75CD8A4C27B9018C00DE8F13 /* Debug */,
				75CD8A4D27B9018C00DE8F13 /* Release */,
			);
			defaultConfigurationIsVisible = 0;
			defaultConfigurationName = Release;
		};
/* End XCConfigurationList section */
	};
	rootObject = 75CD8A3527B9018A00DE8F13 /* Project object */;
}
